
Microsoft Visual Studio Solution File, Format Version 12.00
# Visual Studio Version 17
VisualStudioVersion = 17.5.33530.505
MinimumVisualStudioVersion = 10.0.40219.1
Project("{FAE04EC0-301F-11D3-BF4B-00C04F79EFBC}") = "Html_Serializer", "Html_Serializer\Html_Serializer.csproj", "{EAA2C42E-F6E9-4604-B824-4DB51C7F8F1F}"
EndProject
Global
	GlobalSection(SolutionConfigurationPlatforms) = preSolution
		Debug|Any CPU = Debug|Any CPU
		Release|Any CPU = Release|Any CPU
	EndGlobalSection
	GlobalSection(ProjectConfigurationPlatforms) = postSolution
		{EAA2C42E-F6E9-4604-B824-4DB51C7F8F1F}.Debug|Any CPU.ActiveCfg = Debug|Any CPU
		{EAA2C42E-F6E9-4604-B824-4DB51C7F8F1F}.Debug|Any CPU.Build.0 = Debug|Any CPU
		{EAA2C42E-F6E9-4604-B824-4DB51C7F8F1F}.Release|Any CPU.ActiveCfg = Release|Any CPU
		{EAA2C42E-F6E9-4604-B824-4DB51C7F8F1F}.Release|Any CPU.Build.0 = Release|Any CPU
	EndGlobalSection
	GlobalSection(SolutionProperties) = preSolution
		HideSolutionNode = FALSE
	EndGlobalSection
	GlobalSection(ExtensibilityGlobals) = postSolution
		SolutionGuid = {1232679B-B20C-4E2D-9FDF-6A3D31BB1439}
	EndGlobalSection
EndGlobal
